
Microsoft Visual Studio Solution File, Format Version 12.00
# Visual Studio Version 17
VisualStudioVersion = 17.6.33829.357
MinimumVisualStudioVersion = 10.0.40219.1
Project("{FAE04EC0-301F-11D3-BF4B-00C04F79EFBC}") = "ContactBookWebApp", "ContactBookWebApp\ContactBookWebApp.csproj", "{4842C78C-E78B-4184-A846-3BC90EDE9F99}"
EndProject
Project("{FAE04EC0-301F-11D3-BF4B-00C04F79EFBC}") = "ContactBookWebApp.Domain", "ContactBookWebApp.Domain\ContactBookWebApp.Domain.csproj", "{0A40C60E-C86A-4381-BB2A-CD4333EDD658}"
EndProject
Project("{FAE04EC0-301F-11D3-BF4B-00C04F79EFBC}") = "ContactBookWebApp.Infrastructure", "ContactBookWebApp.Infrastructure\ContactBookWebApp.Infrastructure.csproj", "{F1F5142D-701B-418C-9542-92271A81A06D}"
EndProject
Project("{FAE04EC0-301F-11D3-BF4B-00C04F79EFBC}") = "ContactBookWebApp.Application", "ContactBookWebApp.Application\ContactBookWebApp.Application.csproj", "{89847A15-FA20-4207-BA09-2298A5CD3A3B}"
EndProject
Project("{FAE04EC0-301F-11D3-BF4B-00C04F79EFBC}") = "ContactBookWebApp.Test", "ContactBookWebApp.Test\ContactBookWebApp.Test.csproj", "{1134786D-46F9-40F4-9419-166BEE1A9F70}"
EndProject
Global
	GlobalSection(SolutionConfigurationPlatforms) = preSolution
		Debug|Any CPU = Debug|Any CPU
		Release|Any CPU = Release|Any CPU
	EndGlobalSection
	GlobalSection(ProjectConfigurationPlatforms) = postSolution
		{4842C78C-E78B-4184-A846-3BC90EDE9F99}.Debug|Any CPU.ActiveCfg = Debug|Any CPU
		{4842C78C-E78B-4184-A846-3BC90EDE9F99}.Debug|Any CPU.Build.0 = Debug|Any CPU
		{4842C78C-E78B-4184-A846-3BC90EDE9F99}.Release|Any CPU.ActiveCfg = Release|Any CPU
		{4842C78C-E78B-4184-A846-3BC90EDE9F99}.Release|Any CPU.Build.0 = Release|Any CPU
		{0A40C60E-C86A-4381-BB2A-CD4333EDD658}.Debug|Any CPU.ActiveCfg = Debug|Any CPU
		{0A40C60E-C86A-4381-BB2A-CD4333EDD658}.Debug|Any CPU.Build.0 = Debug|Any CPU
		{0A40C60E-C86A-4381-BB2A-CD4333EDD658}.Release|Any CPU.ActiveCfg = Release|Any CPU
		{0A40C60E-C86A-4381-BB2A-CD4333EDD658}.Release|Any CPU.Build.0 = Release|Any CPU
		{F1F5142D-701B-418C-9542-92271A81A06D}.Debug|Any CPU.ActiveCfg = Debug|Any CPU
		{F1F5142D-701B-418C-9542-92271A81A06D}.Debug|Any CPU.Build.0 = Debug|Any CPU
		{F1F5142D-701B-418C-9542-92271A81A06D}.Release|Any CPU.ActiveCfg = Release|Any CPU
		{F1F5142D-701B-418C-9542-92271A81A06D}.Release|Any CPU.Build.0 = Release|Any CPU
		{89847A15-FA20-4207-BA09-2298A5CD3A3B}.Debug|Any CPU.ActiveCfg = Debug|Any CPU
		{89847A15-FA20-4207-BA09-2298A5CD3A3B}.Debug|Any CPU.Build.0 = Debug|Any CPU
		{89847A15-FA20-4207-BA09-2298A5CD3A3B}.Release|Any CPU.ActiveCfg = Release|Any CPU
		{89847A15-FA20-4207-BA09-2298A5CD3A3B}.Release|Any CPU.Build.0 = Release|Any CPU
		{1134786D-46F9-40F4-9419-166BEE1A9F70}.Debug|Any CPU.ActiveCfg = Debug|Any CPU
		{1134786D-46F9-40F4-9419-166BEE1A9F70}.Debug|Any CPU.Build.0 = Debug|Any CPU
		{1134786D-46F9-40F4-9419-166BEE1A9F70}.Release|Any CPU.ActiveCfg = Release|Any CPU
		{1134786D-46F9-40F4-9419-166BEE1A9F70}.Release|Any CPU.Build.0 = Release|Any CPU
	EndGlobalSection
	GlobalSection(SolutionProperties) = preSolution
		HideSolutionNode = FALSE
	EndGlobalSection
	GlobalSection(ExtensibilityGlobals) = postSolution
		SolutionGuid = {C10FABF9-D15C-425F-B8ED-0C5625B1FEE1}
	EndGlobalSection
EndGlobal
